
Microsoft Visual Studio Solution File, Format Version 12.00
# Visual Studio 2012
Project("{FAE04EC0-301F-11D3-BF4B-00C04F79EFBC}") = "Historical1", "Historical1\Historical1.csproj", "{3D9D3866-9BEC-4602-9B39-C1FD6073C72A}"
EndProject
Project("{FAE04EC0-301F-11D3-BF4B-00C04F79EFBC}") = "Historical2", "Historical2\Historical2.csproj", "{E5EA8E45-09B0-4062-B1DC-4A82F474931A}"
EndProject
Project("{FAE04EC0-301F-11D3-BF4B-00C04F79EFBC}") = "Historical3", "Historical3\Historical3.csproj", "{B4C59260-659B-4E84-B3EB-BF4C09933F4D}"
EndProject
Global
	GlobalSection(SolutionConfigurationPlatforms) = preSolution
		Debug|Any CPU = Debug|Any CPU
		Release|Any CPU = Release|Any CPU
	EndGlobalSection
	GlobalSection(ProjectConfigurationPlatforms) = postSolution
		{3D9D3866-9BEC-4602-9B39-C1FD6073C72A}.Debug|Any CPU.ActiveCfg = Debug|Any CPU
		{3D9D3866-9BEC-4602-9B39-C1FD6073C72A}.Debug|Any CPU.Build.0 = Debug|Any CPU
		{3D9D3866-9BEC-4602-9B39-C1FD6073C72A}.Release|Any CPU.ActiveCfg = Release|Any CPU
		{3D9D3866-9BEC-4602-9B39-C1FD6073C72A}.Release|Any CPU.Build.0 = Release|Any CPU
		{E5EA8E45-09B0-4062-B1DC-4A82F474931A}.Debug|Any CPU.ActiveCfg = Debug|Any CPU
		{E5EA8E45-09B0-4062-B1DC-4A82F474931A}.Debug|Any CPU.Build.0 = Debug|Any CPU
		{E5EA8E45-09B0-4062-B1DC-4A82F474931A}.Release|Any CPU.ActiveCfg = Release|Any CPU
		{E5EA8E45-09B0-4062-B1DC-4A82F474931A}.Release|Any CPU.Build.0 = Release|Any CPU
		{B4C59260-659B-4E84-B3EB-BF4C09933F4D}.Debug|Any CPU.ActiveCfg = Debug|Any CPU
		{B4C59260-659B-4E84-B3EB-BF4C09933F4D}.Debug|Any CPU.Build.0 = Debug|Any CPU
		{B4C59260-659B-4E84-B3EB-BF4C09933F4D}.Release|Any CPU.ActiveCfg = Release|Any CPU
		{B4C59260-659B-4E84-B3EB-BF4C09933F4D}.Release|Any CPU.Build.0 = Release|Any CPU
	EndGlobalSection
	GlobalSection(SolutionProperties) = preSolution
		HideSolutionNode = FALSE
	EndGlobalSection
EndGlobal
